// !$*UTF8*$!
{
	archiveVersion = 1;
	classes = {
	};
	objectVersion = 55;
	objects = {

/* Begin PBXBuildFile section */
		A524C0A827E8E03A00722907 /* extention + UIAlertController.swift in Sources */ = {isa = PBXBuildFile; fileRef = A524C0A727E8E03A00722907 /* extention + UIAlertController.swift */; };
		A54F9BD427DF69C800E49248 /* AppDelegate.swift in Sources */ = {isa = PBXBuildFile; fileRef = A54F9BD327DF69C800E49248 /* AppDelegate.swift */; };
		A54F9BD627DF69C800E49248 /* SceneDelegate.swift in Sources */ = {isa = PBXBuildFile; fileRef = A54F9BD527DF69C800E49248 /* SceneDelegate.swift */; };
		A54F9BDE27DF69C800E49248 /* PicturesApp.xcdatamodeld in Sources */ = {isa = PBXBuildFile; fileRef = A54F9BDC27DF69C800E49248 /* PicturesApp.xcdatamodeld */; };
		A54F9BE027DF69CA00E49248 /* Assets.xcassets in Resources */ = {isa = PBXBuildFile; fileRef = A54F9BDF27DF69CA00E49248 /* Assets.xcassets */; };
		A54F9BE327DF69CA00E49248 /* LaunchScreen.storyboard in Resources */ = {isa = PBXBuildFile; fileRef = A54F9BE127DF69CA00E49248 /* LaunchScreen.storyboard */; };
		A54F9BF027DF882800E49248 /* PicturesListViewController.swift in Sources */ = {isa = PBXBuildFile; fileRef = A54F9BEF27DF882800E49248 /* PicturesListViewController.swift */; };
		A59FB67527DFA47100C51D2B /* PicturesListViewModel.swift in Sources */ = {isa = PBXBuildFile; fileRef = A59FB67427DFA47100C51D2B /* PicturesListViewModel.swift */; };
		A59FB67827DFA8B700C51D2B /* API.swift in Sources */ = {isa = PBXBuildFile; fileRef = A59FB67727DFA8B600C51D2B /* API.swift */; };
		A59FB67B27DFEF8A00C51D2B /* Photo.swift in Sources */ = {isa = PBXBuildFile; fileRef = A59FB67A27DFEF8A00C51D2B /* Photo.swift */; };
		A59FB67D27DFFB9D00C51D2B /* NetworkManager.swift in Sources */ = {isa = PBXBuildFile; fileRef = A59FB67C27DFFB9D00C51D2B /* NetworkManager.swift */; };
		A5AA4CE327E747AB0070F1AC /* AppAssembly.swift in Sources */ = {isa = PBXBuildFile; fileRef = A5AA4CE227E747AB0070F1AC /* AppAssembly.swift */; };
		A5AA4CE627E748210070F1AC /* PicturesDetailViewController.swift in Sources */ = {isa = PBXBuildFile; fileRef = A5AA4CE527E748210070F1AC /* PicturesDetailViewController.swift */; };
		A5AA4CE827E750060070F1AC /* PicturesDetailViewModel.swift in Sources */ = {isa = PBXBuildFile; fileRef = A5AA4CE727E750060070F1AC /* PicturesDetailViewModel.swift */; };
		A5CF873027E0E51B00EFCCB1 /* PicturesListCollectionViewCell.swift in Sources */ = {isa = PBXBuildFile; fileRef = A5CF872F27E0E51B00EFCCB1 /* PicturesListCollectionViewCell.swift */; };
		A5DF1FED27E8FC4F006F8EF6 /* Picture+CoreDataProperties.swift in Sources */ = {isa = PBXBuildFile; fileRef = A5DF1FEB27E8FC4F006F8EF6 /* Picture+CoreDataProperties.swift */; };
		A5DF1FEE27E8FC4F006F8EF6 /* Picture+CoreDataClass.swift in Sources */ = {isa = PBXBuildFile; fileRef = A5DF1FEC27E8FC4F006F8EF6 /* Picture+CoreDataClass.swift */; };
		A5DF1FF027E8FE08006F8EF6 /* DataStorageManager.swift in Sources */ = {isa = PBXBuildFile; fileRef = A5DF1FEF27E8FE08006F8EF6 /* DataStorageManager.swift */; };
		A5E4A98927E8A0C100864FBC /* PicturesListCellModel.swift in Sources */ = {isa = PBXBuildFile; fileRef = A5E4A98827E8A0C100864FBC /* PicturesListCellModel.swift */; };
		A5E63F7B27EB826100D4DF03 /* README.md in Resources */ = {isa = PBXBuildFile; fileRef = A5E63F7A27EB826100D4DF03 /* README.md */; };
/* End PBXBuildFile section */

/* Begin PBXFileReference section */
		A524C0A727E8E03A00722907 /* extention + UIAlertController.swift */ = {isa = PBXFileReference; lastKnownFileType = sourcecode.swift; path = "extention + UIAlertController.swift"; sourceTree = "<group>"; };
		A54F9BD027DF69C800E49248 /* PicturesApp.app */ = {isa = PBXFileReference; explicitFileType = wrapper.application; includeInIndex = 0; path = PicturesApp.app; sourceTree = BUILT_PRODUCTS_DIR; };
		A54F9BD327DF69C800E49248 /* AppDelegate.swift */ = {isa = PBXFileReference; lastKnownFileType = sourcecode.swift; path = AppDelegate.swift; sourceTree = "<group>"; };
		A54F9BD527DF69C800E49248 /* SceneDelegate.swift */ = {isa = PBXFileReference; lastKnownFileType = sourcecode.swift; path = SceneDelegate.swift; sourceTree = "<group>"; };
		A54F9BDD27DF69C800E49248 /* PicturesApp.xcdatamodel */ = {isa = PBXFileReference; lastKnownFileType = wrapper.xcdatamodel; path = PicturesApp.xcdatamodel; sourceTree = "<group>"; };
		A54F9BDF27DF69CA00E49248 /* Assets.xcassets */ = {isa = PBXFileReference; lastKnownFileType = folder.assetcatalog; path = Assets.xcassets; sourceTree = "<group>"; };
		A54F9BE227DF69CA00E49248 /* Base */ = {isa = PBXFileReference; lastKnownFileType = file.storyboard; name = Base; path = Base.lproj/LaunchScreen.storyboard; sourceTree = "<group>"; };
		A54F9BE427DF69CA00E49248 /* Info.plist */ = {isa = PBXFileReference; lastKnownFileType = text.plist.xml; path = Info.plist; sourceTree = "<group>"; };
		A54F9BEF27DF882800E49248 /* PicturesListViewController.swift */ = {isa = PBXFileReference; lastKnownFileType = sourcecode.swift; path = PicturesListViewController.swift; sourceTree = "<group>"; };
		A59FB67427DFA47100C51D2B /* PicturesListViewModel.swift */ = {isa = PBXFileReference; lastKnownFileType = sourcecode.swift; path = PicturesListViewModel.swift; sourceTree = "<group>"; };
		A59FB67727DFA8B600C51D2B /* API.swift */ = {isa = PBXFileReference; lastKnownFileType = sourcecode.swift; path = API.swift; sourceTree = "<group>"; };
		A59FB67A27DFEF8A00C51D2B /* Photo.swift */ = {isa = PBXFileReference; lastKnownFileType = sourcecode.swift; path = Photo.swift; sourceTree = "<group>"; };
		A59FB67C27DFFB9D00C51D2B /* NetworkManager.swift */ = {isa = PBXFileReference; lastKnownFileType = sourcecode.swift; path = NetworkManager.swift; sourceTree = "<group>"; };
		A5AA4CE227E747AB0070F1AC /* AppAssembly.swift */ = {isa = PBXFileReference; lastKnownFileType = sourcecode.swift; path = AppAssembly.swift; sourceTree = "<group>"; };
		A5AA4CE527E748210070F1AC /* PicturesDetailViewController.swift */ = {isa = PBXFileReference; lastKnownFileType = sourcecode.swift; path = PicturesDetailViewController.swift; sourceTree = "<group>"; };
		A5AA4CE727E750060070F1AC /* PicturesDetailViewModel.swift */ = {isa = PBXFileReference; lastKnownFileType = sourcecode.swift; path = PicturesDetailViewModel.swift; sourceTree = "<group>"; };
		A5CF872F27E0E51B00EFCCB1 /* PicturesListCollectionViewCell.swift */ = {isa = PBXFileReference; lastKnownFileType = sourcecode.swift; path = PicturesListCollectionViewCell.swift; sourceTree = "<group>"; };
		A5DF1FEB27E8FC4F006F8EF6 /* Picture+CoreDataProperties.swift */ = {isa = PBXFileReference; fileEncoding = 4; lastKnownFileType = sourcecode.swift; path = "Picture+CoreDataProperties.swift"; sourceTree = "<group>"; };
		A5DF1FEC27E8FC4F006F8EF6 /* Picture+CoreDataClass.swift */ = {isa = PBXFileReference; fileEncoding = 4; lastKnownFileType = sourcecode.swift; path = "Picture+CoreDataClass.swift"; sourceTree = "<group>"; };
		A5DF1FEF27E8FE08006F8EF6 /* DataStorageManager.swift */ = {isa = PBXFileReference; lastKnownFileType = sourcecode.swift; path = DataStorageManager.swift; sourceTree = "<group>"; };
		A5E4A98827E8A0C100864FBC /* PicturesListCellModel.swift */ = {isa = PBXFileReference; lastKnownFileType = sourcecode.swift; path = PicturesListCellModel.swift; sourceTree = "<group>"; };
		A5E63F7A27EB826100D4DF03 /* README.md */ = {isa = PBXFileReference; lastKnownFileType = net.daringfireball.markdown; path = README.md; sourceTree = "<group>"; };
/* End PBXFileReference section */

/* Begin PBXFrameworksBuildPhase section */
		A54F9BCD27DF69C800E49248 /* Frameworks */ = {
			isa = PBXFrameworksBuildPhase;
			buildActionMask = 2147483647;
			files = (
			);
			runOnlyForDeploymentPostprocessing = 0;
		};
/* End PBXFrameworksBuildPhase section */

/* Begin PBXGroup section */
		A54F9BC727DF69C800E49248 = {
			isa = PBXGroup;
			children = (
				A5E63F7A27EB826100D4DF03 /* README.md */,
				A54F9BD227DF69C800E49248 /* PicturesApp */,
				A54F9BD127DF69C800E49248 /* Products */,
			);
			sourceTree = "<group>";
		};
		A54F9BD127DF69C800E49248 /* Products */ = {
			isa = PBXGroup;
			children = (
				A54F9BD027DF69C800E49248 /* PicturesApp.app */,
			);
			name = Products;
			sourceTree = "<group>";
		};
		A54F9BD227DF69C800E49248 /* PicturesApp */ = {
			isa = PBXGroup;
			children = (
				A5E4A98B27E8DFA400864FBC /* Helper */,
				A5AA4CE427E747FD0070F1AC /* PicturesDetail */,
				A54F9BEE27DF87F500E49248 /* PicturesList */,
				A54F9BEA27DF6A2800E49248 /* Services */,
				A54F9BD327DF69C800E49248 /* AppDelegate.swift */,
				A54F9BD527DF69C800E49248 /* SceneDelegate.swift */,
				A5AA4CE227E747AB0070F1AC /* AppAssembly.swift */,
				A54F9BDF27DF69CA00E49248 /* Assets.xcassets */,
				A54F9BE127DF69CA00E49248 /* LaunchScreen.storyboard */,
				A54F9BE427DF69CA00E49248 /* Info.plist */,
				A54F9BDC27DF69C800E49248 /* PicturesApp.xcdatamodeld */,
			);
			path = PicturesApp;
			sourceTree = "<group>";
		};
		A54F9BEA27DF6A2800E49248 /* Services */ = {
			isa = PBXGroup;
			children = (
				A5DF1FE927E8FBEC006F8EF6 /* DataStorage */,
				A59FB67627DFA8A100C51D2B /* Network */,
			);
			path = Services;
			sourceTree = "<group>";
		};
		A54F9BEE27DF87F500E49248 /* PicturesList */ = {
			isa = PBXGroup;
			children = (
				A5E4A98A27E8DE3500864FBC /* Model */,
				A58B8EDA27E1DE2900F3E97D /* View */,
				A58B8EDB27E1DE3100F3E97D /* ViewModel */,
			);
			path = PicturesList;
			sourceTree = "<group>";
		};
		A58B8EDA27E1DE2900F3E97D /* View */ = {
			isa = PBXGroup;
			children = (
				A54F9BEF27DF882800E49248 /* PicturesListViewController.swift */,
				A5CF872F27E0E51B00EFCCB1 /* PicturesListCollectionViewCell.swift */,
			);
			path = View;
			sourceTree = "<group>";
		};
		A58B8EDB27E1DE3100F3E97D /* ViewModel */ = {
			isa = PBXGroup;
			children = (
				A59FB67427DFA47100C51D2B /* PicturesListViewModel.swift */,
			);
			path = ViewModel;
			sourceTree = "<group>";
		};
		A59FB67627DFA8A100C51D2B /* Network */ = {
			isa = PBXGroup;
			children = (
				A59FB67927DFEF4E00C51D2B /* Models */,
				A59FB67727DFA8B600C51D2B /* API.swift */,
				A59FB67C27DFFB9D00C51D2B /* NetworkManager.swift */,
			);
			path = Network;
			sourceTree = "<group>";
		};
		A59FB67927DFEF4E00C51D2B /* Models */ = {
			isa = PBXGroup;
			children = (
				A59FB67A27DFEF8A00C51D2B /* Photo.swift */,
			);
			path = Models;
			sourceTree = "<group>";
		};
		A5AA4CE427E747FD0070F1AC /* PicturesDetail */ = {
			isa = PBXGroup;
			children = (
				A5AA4CE527E748210070F1AC /* PicturesDetailViewController.swift */,
				A5AA4CE727E750060070F1AC /* PicturesDetailViewModel.swift */,
			);
			path = PicturesDetail;
			sourceTree = "<group>";
		};
		A5DF1FE927E8FBEC006F8EF6 /* DataStorage */ = {
			isa = PBXGroup;
			children = (
				A5DF1FEA27E8FC2A006F8EF6 /* Models */,
				A5DF1FEF27E8FE08006F8EF6 /* DataStorageManager.swift */,
			);
			path = DataStorage;
			sourceTree = "<group>";
		};
		A5DF1FEA27E8FC2A006F8EF6 /* Models */ = {
			isa = PBXGroup;
			children = (
				A5DF1FEC27E8FC4F006F8EF6 /* Picture+CoreDataClass.swift */,
				A5DF1FEB27E8FC4F006F8EF6 /* Picture+CoreDataProperties.swift */,
			);
			path = Models;
			sourceTree = "<group>";
		};
		A5E4A98A27E8DE3500864FBC /* Model */ = {
			isa = PBXGroup;
			children = (
				A5E4A98827E8A0C100864FBC /* PicturesListCellModel.swift */,
			);
			path = Model;
			sourceTree = "<group>";
		};
		A5E4A98B27E8DFA400864FBC /* Helper */ = {
			isa = PBXGroup;
			children = (
				A524C0A727E8E03A00722907 /* extention + UIAlertController.swift */,
			);
			path = Helper;
			sourceTree = "<group>";
		};
/* End PBXGroup section */

/* Begin PBXNativeTarget section */
		A54F9BCF27DF69C800E49248 /* PicturesApp */ = {
			isa = PBXNativeTarget;
			buildConfigurationList = A54F9BE727DF69CA00E49248 /* Build configuration list for PBXNativeTarget "PicturesApp" */;
			buildPhases = (
				A54F9BCC27DF69C800E49248 /* Sources */,
				A54F9BCD27DF69C800E49248 /* Frameworks */,
				A54F9BCE27DF69C800E49248 /* Resources */,
			);
			buildRules = (
			);
			dependencies = (
			);
			name = PicturesApp;
			productName = PicturesApp;
			productReference = A54F9BD027DF69C800E49248 /* PicturesApp.app */;
			productType = "com.apple.product-type.application";
		};
/* End PBXNativeTarget section */

/* Begin PBXProject section */
		A54F9BC827DF69C800E49248 /* Project object */ = {
			isa = PBXProject;
			attributes = {
				BuildIndependentTargetsInParallel = 1;
				LastSwiftUpdateCheck = 1310;
				LastUpgradeCheck = 1310;
				TargetAttributes = {
					A54F9BCF27DF69C800E49248 = {
						CreatedOnToolsVersion = 13.1;
					};
				};
			};
			buildConfigurationList = A54F9BCB27DF69C800E49248 /* Build configuration list for PBXProject "PicturesApp" */;
			compatibilityVersion = "Xcode 13.0";
			developmentRegion = en;
			hasScannedForEncodings = 0;
			knownRegions = (
				en,
				Base,
			);
			mainGroup = A54F9BC727DF69C800E49248;
			productRefGroup = A54F9BD127DF69C800E49248 /* Products */;
			projectDirPath = "";
			projectRoot = "";
			targets = (
				A54F9BCF27DF69C800E49248 /* PicturesApp */,
			);
		};
/* End PBXProject section */

/* Begin PBXResourcesBuildPhase section */
		A54F9BCE27DF69C800E49248 /* Resources */ = {
			isa = PBXResourcesBuildPhase;
			buildActionMask = 2147483647;
			files = (
				A5E63F7B27EB826100D4DF03 /* README.md in Resources */,
				A54F9BE327DF69CA00E49248 /* LaunchScreen.storyboard in Resources */,
				A54F9BE027DF69CA00E49248 /* Assets.xcassets in Resources */,
			);
			runOnlyForDeploymentPostprocessing = 0;
		};
/* End PBXResourcesBuildPhase section */

/* Begin PBXSourcesBuildPhase section */
		A54F9BCC27DF69C800E49248 /* Sources */ = {
			isa = PBXSourcesBuildPhase;
			buildActionMask = 2147483647;
			files = (
				A5DF1FED27E8FC4F006F8EF6 /* Picture+CoreDataProperties.swift in Sources */,
				A5AA4CE827E750060070F1AC /* PicturesDetailViewModel.swift in Sources */,
				A59FB67D27DFFB9D00C51D2B /* NetworkManager.swift in Sources */,
				A5CF873027E0E51B00EFCCB1 /* PicturesListCollectionViewCell.swift in Sources */,
				A59FB67B27DFEF8A00C51D2B /* Photo.swift in Sources */,
				A54F9BF027DF882800E49248 /* PicturesListViewController.swift in Sources */,
				A5DF1FEE27E8FC4F006F8EF6 /* Picture+CoreDataClass.swift in Sources */,
				A54F9BDE27DF69C800E49248 /* PicturesApp.xcdatamodeld in Sources */,
				A5DF1FF027E8FE08006F8EF6 /* DataStorageManager.swift in Sources */,
				A5E4A98927E8A0C100864FBC /* PicturesListCellModel.swift in Sources */,
				A524C0A827E8E03A00722907 /* extention + UIAlertController.swift in Sources */,
				A59FB67527DFA47100C51D2B /* PicturesListViewModel.swift in Sources */,
				A5AA4CE327E747AB0070F1AC /* AppAssembly.swift in Sources */,
				A54F9BD427DF69C800E49248 /* AppDelegate.swift in Sources */,
				A54F9BD627DF69C800E49248 /* SceneDelegate.swift in Sources */,
				A5AA4CE627E748210070F1AC /* PicturesDetailViewController.swift in Sources */,
				A59FB67827DFA8B700C51D2B /* API.swift in Sources */,
			);
			runOnlyForDeploymentPostprocessing = 0;
		};
/* End PBXSourcesBuildPhase section */

/* Begin PBXVariantGroup section */
		A54F9BE127DF69CA00E49248 /* LaunchScreen.storyboard */ = {
			isa = PBXVariantGroup;
			children = (
				A54F9BE227DF69CA00E49248 /* Base */,
			);
			name = LaunchScreen.storyboard;
			sourceTree = "<group>";
		};
/* End PBXVariantGroup section */

/* Begin XCBuildConfiguration section */
		A54F9BE527DF69CA00E49248 /* Debug */ = {
			isa = XCBuildConfiguration;
			buildSettings = {
				ALWAYS_SEARCH_USER_PATHS = NO;
				CLANG_ANALYZER_NONNULL = YES;
				CLANG_ANALYZER_NUMBER_OBJECT_CONVERSION = YES_AGGRESSIVE;
				CLANG_CXX_LANGUAGE_STANDARD = "gnu++17";
				CLANG_CXX_LIBRARY = "libc++";
				CLANG_ENABLE_MODULES = YES;
				CLANG_ENABLE_OBJC_ARC = YES;
				CLANG_ENABLE_OBJC_WEAK = YES;
				CLANG_WARN_BLOCK_CAPTURE_AUTORELEASING = YES;
				CLANG_WARN_BOOL_CONVERSION = YES;
				CLANG_WARN_COMMA = YES;
				CLANG_WARN_CONSTANT_CONVERSION = YES;
				CLANG_WARN_DEPRECATED_OBJC_IMPLEMENTATIONS = YES;
				CLANG_WARN_DIRECT_OBJC_ISA_USAGE = YES_ERROR;
				CLANG_WARN_DOCUMENTATION_COMMENTS = YES;
				CLANG_WARN_EMPTY_BODY = YES;
				CLANG_WARN_ENUM_CONVERSION = YES;
				CLANG_WARN_INFINITE_RECURSION = YES;
				CLANG_WARN_INT_CONVERSION = YES;
				CLANG_WARN_NON_LITERAL_NULL_CONVERSION = YES;
				CLANG_WARN_OBJC_IMPLICIT_RETAIN_SELF = YES;
				CLANG_WARN_OBJC_LITERAL_CONVERSION = YES;
				CLANG_WARN_OBJC_ROOT_CLASS = YES_ERROR;
				CLANG_WARN_QUOTED_INCLUDE_IN_FRAMEWORK_HEADER = YES;
				CLANG_WARN_RANGE_LOOP_ANALYSIS = YES;
				CLANG_WARN_STRICT_PROTOTYPES = YES;
				CLANG_WARN_SUSPICIOUS_MOVE = YES;
				CLANG_WARN_UNGUARDED_AVAILABILITY = YES_AGGRESSIVE;
				CLANG_WARN_UNREACHABLE_CODE = YES;
				CLANG_WARN__DUPLICATE_METHOD_MATCH = YES;
				COPY_PHASE_STRIP = NO;
				DEBUG_INFORMATION_FORMAT = dwarf;
				ENABLE_STRICT_OBJC_MSGSEND = YES;
				ENABLE_TESTABILITY = YES;
				GCC_C_LANGUAGE_STANDARD = gnu11;
				GCC_DYNAMIC_NO_PIC = NO;
				GCC_NO_COMMON_BLOCKS = YES;
				GCC_OPTIMIZATION_LEVEL = 0;
				GCC_PREPROCESSOR_DEFINITIONS = (
					"DEBUG=1",
					"$(inherited)",
				);
				GCC_WARN_64_TO_32_BIT_CONVERSION = YES;
				GCC_WARN_ABOUT_RETURN_TYPE = YES_ERROR;
				GCC_WARN_UNDECLARED_SELECTOR = YES;
				GCC_WARN_UNINITIALIZED_AUTOS = YES_AGGRESSIVE;
				GCC_WARN_UNUSED_FUNCTION = YES;
				GCC_WARN_UNUSED_VARIABLE = YES;
				IPHONEOS_DEPLOYMENT_TARGET = 11.0;
				MTL_ENABLE_DEBUG_INFO = INCLUDE_SOURCE;
				MTL_FAST_MATH = YES;
				ONLY_ACTIVE_ARCH = YES;
				SDKROOT = iphoneos;
				SWIFT_ACTIVE_COMPILATION_CONDITIONS = DEBUG;
				SWIFT_OPTIMIZATION_LEVEL = "-Onone";
			};
			name = Debug;
		};
		A54F9BE627DF69CA00E49248 /* Release */ = {
			isa = XCBuildConfiguration;
			buildSettings = {
				ALWAYS_SEARCH_USER_PATHS = NO;
				CLANG_ANALYZER_NONNULL = YES;
				CLANG_ANALYZER_NUMBER_OBJECT_CONVERSION = YES_AGGRESSIVE;
				CLANG_CXX_LANGUAGE_STANDARD = "gnu++17";
				CLANG_CXX_LIBRARY = "libc++";
				CLANG_ENABLE_MODULES = YES;
				CLANG_ENABLE_OBJC_ARC = YES;
				CLANG_ENABLE_OBJC_WEAK = YES;
				CLANG_WARN_BLOCK_CAPTURE_AUTORELEASING = YES;
				CLANG_WARN_BOOL_CONVERSION = YES;
				CLANG_WARN_COMMA = YES;
				CLANG_WARN_CONSTANT_CONVERSION = YES;
				CLANG_WARN_DEPRECATED_OBJC_IMPLEMENTATIONS = YES;
				CLANG_WARN_DIRECT_OBJC_ISA_USAGE = YES_ERROR;
				CLANG_WARN_DOCUMENTATION_COMMENTS = YES;
				CLANG_WARN_EMPTY_BODY = YES;
				CLANG_WARN_ENUM_CONVERSION = YES;
				CLANG_WARN_INFINITE_RECURSION = YES;
				CLANG_WARN_INT_CONVERSION = YES;
				CLANG_WARN_NON_LITERAL_NULL_CONVERSION = YES;
				CLANG_WARN_OBJC_IMPLICIT_RETAIN_SELF = YES;
				CLANG_WARN_OBJC_LITERAL_CONVERSION = YES;
				CLANG_WARN_OBJC_ROOT_CLASS = YES_ERROR;
				CLANG_WARN_QUOTED_INCLUDE_IN_FRAMEWORK_HEADER = YES;
				CLANG_WARN_RANGE_LOOP_ANALYSIS = YES;
				CLANG_WARN_STRICT_PROTOTYPES = YES;
				CLANG_WARN_SUSPICIOUS_MOVE = YES;
				CLANG_WARN_UNGUARDED_AVAILABILITY = YES_AGGRESSIVE;
				CLANG_WARN_UNREACHABLE_CODE = YES;
				CLANG_WARN__DUPLICATE_METHOD_MATCH = YES;
				COPY_PHASE_STRIP = NO;
				DEBUG_INFORMATION_FORMAT = "dwarf-with-dsym";
				ENABLE_NS_ASSERTIONS = NO;
				ENABLE_STRICT_OBJC_MSGSEND = YES;
				GCC_C_LANGUAGE_STANDARD = gnu11;
				GCC_NO_COMMON_BLOCKS = YES;
				GCC_WARN_64_TO_32_BIT_CONVERSION = YES;
				GCC_WARN_ABOUT_RETURN_TYPE = YES_ERROR;
				GCC_WARN_UNDECLARED_SELECTOR = YES;
				GCC_WARN_UNINITIALIZED_AUTOS = YES_AGGRESSIVE;
				GCC_WARN_UNUSED_FUNCTION = YES;
				GCC_WARN_UNUSED_VARIABLE = YES;
				IPHONEOS_DEPLOYMENT_TARGET = 11.0;
				MTL_ENABLE_DEBUG_INFO = NO;
				MTL_FAST_MATH = YES;
				SDKROOT = iphoneos;
				SWIFT_COMPILATION_MODE = wholemodule;
				SWIFT_OPTIMIZATION_LEVEL = "-O";
				VALIDATE_PRODUCT = YES;
			};
			name = Release;
		};
		A54F9BE827DF69CA00E49248 /* Debug */ = {
			isa = XCBuildConfiguration;
			buildSettings = {
				ASSETCATALOG_COMPILER_APPICON_NAME = AppIcon;
				ASSETCATALOG_COMPILER_GLOBAL_ACCENT_COLOR_NAME = AccentColor;
				CODE_SIGN_STYLE = Automatic;
				CURRENT_PROJECT_VERSION = 1;
				DEVELOPMENT_TEAM = Q8BJ8563H3;
				GENERATE_INFOPLIST_FILE = YES;
				INFOPLIST_FILE = PicturesApp/Info.plist;
				INFOPLIST_KEY_UIApplicationSupportsIndirectInputEvents = YES;
				INFOPLIST_KEY_UILaunchStoryboardName = LaunchScreen;
				INFOPLIST_KEY_UISupportedInterfaceOrientations_iPad = "UIInterfaceOrientationPortrait UIInterfaceOrientationPortraitUpsideDown UIInterfaceOrientationLandscapeLeft UIInterfaceOrientationLandscapeRight";
				INFOPLIST_KEY_UISupportedInterfaceOrientations_iPhone = "UIInterfaceOrientationPortrait UIInterfaceOrientationLandscapeLeft UIInterfaceOrientationLandscapeRight";
				IPHONEOS_DEPLOYMENT_TARGET = 12.0;
				LD_RUNPATH_SEARCH_PATHS = (
					"$(inherited)",
					"@executable_path/Frameworks",
				);
				MARKETING_VERSION = 1.0;
				PRODUCT_BUNDLE_IDENTIFIER = com.kochetkov.PicturesApp;
				PRODUCT_NAME = "$(TARGET_NAME)";
				SWIFT_EMIT_LOC_STRINGS = YES;
				SWIFT_VERSION = 5.0;
				TARGETED_DEVICE_FAMILY = 1;
			};
			name = Debug;
		};
		A54F9BE927DF69CA00E49248 /* Release */ = {
			isa = XCBuildConfiguration;
			buildSettings = {
				ASSETCATALOG_COMPILER_APPICON_NAME = AppIcon;
				ASSETCATALOG_COMPILER_GLOBAL_ACCENT_COLOR_NAME = AccentColor;
				CODE_SIGN_STYLE = Automatic;
				CURRENT_PROJECT_VERSION = 1;
				DEVELOPMENT_TEAM = Q8BJ8563H3;
				GENERATE_INFOPLIST_FILE = YES;
				INFOPLIST_FILE = PicturesApp/Info.plist;
				INFOPLIST_KEY_UIApplicationSupportsIndirectInputEvents = YES;
				INFOPLIST_KEY_UILaunchStoryboardName = LaunchScreen;
				INFOPLIST_KEY_UISupportedInterfaceOrientations_iPad = "UIInterfaceOrientationPortrait UIInterfaceOrientationPortraitUpsideDown UIInterfaceOrientationLandscapeLeft UIInterfaceOrientationLandscapeRight";
				INFOPLIST_KEY_UISupportedInterfaceOrientations_iPhone = "UIInterfaceOrientationPortrait UIInterfaceOrientationLandscapeLeft UIInterfaceOrientationLandscapeRight";
				IPHONEOS_DEPLOYMENT_TARGET = 12.0;
				LD_RUNPATH_SEARCH_PATHS = (
					"$(inherited)",
					"@executable_path/Frameworks",
				);
				MARKETING_VERSION = 1.0;
				PRODUCT_BUNDLE_IDENTIFIER = com.kochetkov.PicturesApp;
				PRODUCT_NAME = "$(TARGET_NAME)";
				SWIFT_EMIT_LOC_STRINGS = YES;
				SWIFT_VERSION = 5.0;
				TARGETED_DEVICE_FAMILY = 1;
			};
			name = Release;
		};
/* End XCBuildConfiguration section */

/* Begin XCConfigurationList section */
		A54F9BCB27DF69C800E49248 /* Build configuration list for PBXProject "PicturesApp" */ = {
			isa = XCConfigurationList;
			buildConfigurations = (
				A54F9BE527DF69CA00E49248 /* Debug */,
				A54F9BE627DF69CA00E49248 /* Release */,
			);
			defaultConfigurationIsVisible = 0;
			defaultConfigurationName = Release;
		};
		A54F9BE727DF69CA00E49248 /* Build configuration list for PBXNativeTarget "PicturesApp" */ = {
			isa = XCConfigurationList;
			buildConfigurations = (
				A54F9BE827DF69CA00E49248 /* Debug */,
				A54F9BE927DF69CA00E49248 /* Release */,
			);
			defaultConfigurationIsVisible = 0;
			defaultConfigurationName = Release;
		};
/* End XCConfigurationList section */

/* Begin XCVersionGroup section */
		A54F9BDC27DF69C800E49248 /* PicturesApp.xcdatamodeld */ = {
			isa = XCVersionGroup;
			children = (
				A54F9BDD27DF69C800E49248 /* PicturesApp.xcdatamodel */,
			);
			currentVersion = A54F9BDD27DF69C800E49248 /* PicturesApp.xcdatamodel */;
			path = PicturesApp.xcdatamodeld;
			sourceTree = "<group>";
			versionGroupType = wrapper.xcdatamodel;
		};
/* End XCVersionGroup section */
	};
	rootObject = A54F9BC827DF69C800E49248 /* Project object */;
}
